
Microsoft Visual Studio Solution File, Format Version 12.00
# Visual Studio Version 16
VisualStudioVersion = 16.0.29806.167
MinimumVisualStudioVersion = 10.0.40219.1
Project("{FAE04EC0-301F-11D3-BF4B-00C04F79EFBC}") = "RazorPagesMovie", "RazorPagesMovie\RazorPagesMovie.csproj", "{D28F49D3-3E35-42F5-9730-56AC9D5CA893}"
EndProject
Global
	GlobalSection(SolutionConfigurationPlatforms) = preSolution
		Debug|Any CPU = Debug|Any CPU
		Release|Any CPU = Release|Any CPU
	EndGlobalSection
	GlobalSection(ProjectConfigurationPlatforms) = postSolution
		{D28F49D3-3E35-42F5-9730-56AC9D5CA893}.Debug|Any CPU.ActiveCfg = Debug|Any CPU
		{D28F49D3-3E35-42F5-9730-56AC9D5CA893}.Debug|Any CPU.Build.0 = Debug|Any CPU
		{D28F49D3-3E35-42F5-9730-56AC9D5CA893}.Release|Any CPU.ActiveCfg = Release|Any CPU
		{D28F49D3-3E35-42F5-9730-56AC9D5CA893}.Release|Any CPU.Build.0 = Release|Any CPU
	EndGlobalSection
	GlobalSection(SolutionProperties) = preSolution
		HideSolutionNode = FALSE
	EndGlobalSection
	GlobalSection(ExtensibilityGlobals) = postSolution
		SolutionGuid = {FDA3BD66-D547-4B0B-9EC9-B244A661F777}
	EndGlobalSection
EndGlobal
